version: 7
platforms:
- name: linux-64
  virtual-packages:
  - __unix=0=0
  - __linux=4.18
  - __glibc=2.28
  - __archspec=0=x86_64
environments:
  default:
    channels:
    - url: https://conda.modular.com/max/
    - url: https://conda.anaconda.org/conda-forge/
    - url: https://repo.prefix.dev/modular-community/
    packages:
      linux-64:
      - conda: https://conda.anaconda.org/conda-forge/linux-64/_openmp_mutex-4.5-20_gnu.conda
      - conda: https://conda.anaconda.org/conda-forge/linux-64/bun-1.3.11-hb9fe482_5.conda
      - conda: https://conda.anaconda.org/conda-forge/linux-64/bzip2-1.0.8-hda65f42_10.conda
      - conda: https://conda.anaconda.org/conda-forge/linux-64/c-ares-1.34.8-h280c20c_1.conda
      - conda: https://conda.anaconda.org/conda-forge/linux-64/cyrus-sasl-2.1.28-hd9c7081_0.conda
      - conda: https://conda.anaconda.org/conda-forge/linux-64/greenlet-3.5.5-py314h42812f9_0.conda
      - conda: https://conda.anaconda.org/conda-forge/linux-64/hdrhistogram-c-0.11.9-h421ea60_1.conda
      - conda: https://conda.anaconda.org/conda-forge/linux-64/icu-75.1-he02047a_0.conda
      - conda: https://conda.anaconda.org/conda-forge/linux-64/keyutils-1.6.3-h7cc23a3_1.conda
      - conda: https://conda.anaconda.org/conda-forge/linux-64/krb5-1.21.3-h659f571_0.conda
      - conda: https://conda.anaconda.org/conda-forge/linux-64/ld_impl_linux-64-2.46.1-default_hbd61a6d_102.conda
      - conda: https://conda.anaconda.org/conda-forge/linux-64/libarchive-3.8.9-gpl_hc2c16d8_100.conda
      - conda: https://conda.anaconda.org/conda-forge/linux-64/libbrotlicommon-1.2.0-h39a168f_3.conda
      - conda: https://conda.anaconda.org/conda-forge/linux-64/libbrotlidec-1.2.0-ha411449_3.conda
      - conda: https://conda.anaconda.org/conda-forge/linux-64/libbrotlienc-1.2.0-h018ffa1_3.conda
      - conda: https://conda.anaconda.org/conda-forge/linux-64/libdeflate-1.25-hd45a770_1.conda
      - conda: https://conda.anaconda.org/conda-forge/linux-64/libedit-3.1.20250104-pl5321h373387f_1.conda
      - conda: https://conda.anaconda.org/conda-forge/linux-64/libev-4.33-h280c20c_3.conda
      - conda: https://conda.anaconda.org/conda-forge/linux-64/libexpat-2.8.1-hecca717_1.conda
      - conda: https://conda.anaconda.org/conda-forge/linux-64/libffi-3.7.0-h3435931_0.conda
      - conda: https://conda.anaconda.org/conda-forge/linux-64/libgcc-16.1.0-ha9f2e26_1.conda
      - conda: https://conda.anaconda.org/conda-forge/linux-64/libgcc-ng-16.1.0-h69a702a_1.conda
      - conda: https://conda.anaconda.org/conda-forge/linux-64/libgomp-16.1.0-he0feb66_1.conda
      - conda: https://conda.anaconda.org/conda-forge/linux-64/libhwy-1.4.0-h57c4cff_1.conda
      - conda: https://conda.anaconda.org/conda-forge/linux-64/libiconv-1.18-h0cb94f2_3.conda
      - conda: https://conda.anaconda.org/conda-forge/linux-64/liblzma-5.8.3-hb03c661_1.conda
      - conda: https://conda.anaconda.org/conda-forge/linux-64/libmpdec-4.0.0-hb03c661_2.conda
      - conda: https://conda.anaconda.org/conda-forge/linux-64/libnghttp2-1.68.1-h877daf1_0.conda
      - conda: https://conda.anaconda.org/conda-forge/linux-64/libntlm-1.8-hb9d3cd8_0.conda
      - conda: https://conda.anaconda.org/conda-forge/linux-64/libpq-17.7-h5c52fec_1.conda
      - conda: https://conda.anaconda.org/conda-forge/linux-64/libsodium-1.0.20-h4ab18f5_0.conda
      - conda: https://conda.anaconda.org/conda-forge/linux-64/libsqlite-3.53.4-h0737f62_1.conda
      - conda: https://conda.anaconda.org/conda-forge/linux-64/libstdcxx-16.1.0-h934c35e_1.conda
      - conda: https://conda.anaconda.org/conda-forge/linux-64/libstdcxx-ng-16.1.0-hdf11a46_1.conda
      - conda: https://conda.anaconda.org/conda-forge/linux-64/libuuid-2.42.2-h5347b49_0.conda
      - conda: https://conda.anaconda.org/conda-forge/linux-64/libuv-1.52.1-h280c20c_1.conda
      - conda: https://conda.anaconda.org/conda-forge/linux-64/libxcrypt-4.4.38-h280c20c_0.conda
      - conda: https://conda.anaconda.org/conda-forge/linux-64/libxml2-16-2.15.1-ha9997c6_0.conda
      - conda: https://conda.anaconda.org/conda-forge/linux-64/libxml2-2.15.1-h26afc86_0.conda
      - conda: https://conda.anaconda.org/conda-forge/linux-64/libxslt-1.1.43-h711ed8c_1.conda
      - conda: https://conda.anaconda.org/conda-forge/linux-64/libzlib-1.3.2-h25fd6f3_3.conda
      - conda: https://conda.anaconda.org/conda-forge/linux-64/lol-html-3.0.1-hb17b654_0.conda
      - conda: https://conda.anaconda.org/conda-forge/linux-64/ls-hpack-2.3.5-h280c20c_0.conda
      - conda: https://conda.anaconda.org/conda-forge/linux-64/lz4-c-1.10.0-hee9eb32_2.conda
      - conda: https://conda.anaconda.org/conda-forge/linux-64/lzo-2.10-hebe6cf0_1003.conda
      - conda: https://conda.anaconda.org/conda-forge/linux-64/ncurses-6.6-hdb14827_1.conda
      - conda: https://conda.anaconda.org/conda-forge/linux-64/nodejs-24.13.0-h36edbcc_0.conda
      - conda: https://conda.anaconda.org/conda-forge/linux-64/openldap-2.6.10-he970967_0.conda
      - conda: https://conda.anaconda.org/conda-forge/linux-64/openssl-3.6.3-h35e630c_1.conda
      - conda: https://conda.anaconda.org/conda-forge/linux-64/playwright-1.58.2-h5585027_0.conda
      - conda: https://conda.anaconda.org/conda-forge/linux-64/postgresql-17.7-h8b0fdac_1.conda
      - conda: https://conda.anaconda.org/conda-forge/linux-64/psycopg2-2.9.10-py314habdd602_2.conda
      - conda: https://conda.anaconda.org/conda-forge/linux-64/python-3.14.6-h242f9ac_102_cp314.conda
      - conda: https://conda.anaconda.org/conda-forge/linux-64/pyzmq-27.1.0-py312hda471dd_3.conda
      - conda: https://conda.anaconda.org/conda-forge/linux-64/readline-8.3-h853b02a_0.conda
      - conda: https://conda.anaconda.org/conda-forge/linux-64/tk-8.6.13-noxft_hd70dff1_3.conda
      - conda: https://conda.anaconda.org/conda-forge/linux-64/tornado-6.5.8-py314h5bd0f2a_0.conda
      - conda: https://conda.anaconda.org/conda-forge/linux-64/tzcode-2026c-h280c20c_0.conda
      - conda: https://conda.anaconda.org/conda-forge/linux-64/zeromq-4.3.5-h387f397_9.conda
      - conda: https://conda.anaconda.org/conda-forge/linux-64/zstd-1.5.7-hb78ec9c_7.conda
      - conda: https://conda.anaconda.org/conda-forge/noarch/_python_abi3_support-1.0-hd8ed1ab_3.conda
      - conda: https://conda.anaconda.org/conda-forge/noarch/ca-certificates-2026.7.22-hbd8a1cb_0.conda
      - conda: https://conda.anaconda.org/conda-forge/noarch/click-8.4.2-pyhc90fa1f_0.conda
      - conda: https://conda.anaconda.org/conda-forge/noarch/cpython-3.14.6-py314hd8ed1ab_102.conda
      - conda: https://conda.anaconda.org/conda-forge/noarch/importlib-metadata-9.0.0-pyhcf101f3_0.conda
      - conda: https://conda.anaconda.org/conda-forge/noarch/jupyter_client-8.6.3-pyhd8ed1ab_1.conda
      - conda: https://conda.anaconda.org/conda-forge/noarch/jupyter_core-5.9.1-pyhc90fa1f_0.conda
      - conda: https://conda.anaconda.org/conda-forge/noarch/mypy_extensions-1.1.0-pyha770c72_0.conda
      - conda: https://conda.anaconda.org/conda-forge/noarch/packaging-26.3-pyhc364b38_0.conda
      - conda: https://conda.anaconda.org/conda-forge/noarch/pathspec-1.1.1-pyhd8ed1ab_0.conda
      - conda: https://conda.anaconda.org/conda-forge/noarch/platformdirs-4.11.3-pyhcf101f3_0.conda
      - conda: https://conda.anaconda.org/conda-forge/noarch/playwright-python-1.62.0-pyhcf101f3_0.conda
      - conda: https://conda.anaconda.org/conda-forge/noarch/pyee-13.0.1-pyhd8ed1ab_0.conda
      - conda: https://conda.anaconda.org/conda-forge/noarch/python-dateutil-2.9.0.post0-pyhe01879c_2.conda
      - conda: https://conda.anaconda.org/conda-forge/noarch/python-gil-3.14.6-h4df99d1_102.conda
      - conda: https://conda.anaconda.org/conda-forge/noarch/python_abi-3.14-8_cp314.conda
      - conda: https://conda.anaconda.org/conda-forge/noarch/six-1.17.0-pyhe01879c_1.conda
      - conda: https://conda.anaconda.org/conda-forge/noarch/tomli-2.4.1-pyhcf101f3_0.conda
      - conda: https://conda.anaconda.org/conda-forge/noarch/traitlets-5.16.1-pyhcf101f3_0.conda
      - conda: https://conda.anaconda.org/conda-forge/noarch/typing_extensions-4.16.0-pyhcf101f3_0.conda
      - conda: https://conda.anaconda.org/conda-forge/noarch/tzdata-2026c-h151e31d_0.conda
      - conda: https://conda.anaconda.org/conda-forge/noarch/zipp-4.1.0-pyhcf101f3_0.conda
      - conda: https://conda.modular.com/max/linux-64/mojo-1.0.0-release.conda
      - conda: https://conda.modular.com/max/linux-64/mojo-compiler-1.0.0-release.conda
      - conda: https://conda.modular.com/max/noarch/mblack-26.5.0-release.conda
      - conda: https://conda.modular.com/max/noarch/mojo-python-1.0.0-release.conda
packages:
- conda: https://conda.anaconda.org/conda-forge/linux-64/_openmp_mutex-4.5-20_gnu.conda
  build_number: 20
  sha256: 1dd3fffd892081df9726d7eb7e0dea6198962ba775bd88842135a4ddb4deb3c9
  md5: a9f577daf3de00bca7c3c76c0ecbd1de
  depends:
  - __glibc >=2.17,<3.0.a0
  - libgomp >=7.5.0
  constrains:
  - openmp_impl <0.0a0
  license: BSD-3-Clause
  license_family: BSD
  run_exports:
    strong:
    - _openmp_mutex >=4.5
  size: 28948
  timestamp: 1770939786096
- conda: https://conda.anaconda.org/conda-forge/linux-64/bun-1.3.11-hb9fe482_5.conda
  sha256: b1bec9fba865e9502c1a5c7681e4b37d61291e35f3bbdb10664f66c50362df31
  md5: 89f9df3e1f06ad9514829aa645c202cb
  depends:
  - libstdcxx >=15
  - libgcc >=15
  - __glibc >=2.28,<3.0.a0
  - libbrotlicommon >=1.2.0,<1.3.0a0
  - libbrotlienc >=1.2.0,<1.3.0a0
  - libbrotlidec >=1.2.0,<1.3.0a0
  - libsqlite >=3.53.4,<4.0a0
  - lol-html >=3.0.1,<3.0.2.0a0
  - libzlib >=1.3.2,<2.0a0
  - libhwy >=1.4.0,<1.5.0a0
  - ls-hpack >=2.3.5,<2.3.6.0a0
  - libarchive >=3.8.9,<3.9.0a0
  - c-ares >=1.34.8,<2.0a0
  - libdeflate >=1.25,<1.26.0a0
  - zstd >=1.5.7,<1.6.0a0
  - icu >=75.1,<76.0a0
  - hdrhistogram-c >=0.11.9,<0.11.10.0a0
  license: MIT
  license_family: MIT
  run_exports: {}
  size: 17940849
  timestamp: 1785503811783
- conda: https://conda.anaconda.org/conda-forge/linux-64/bzip2-1.0.8-hda65f42_10.conda
  sha256: 1a0d382c515ebf55f8ee1f38c8b81bc95af5c2acc42ad53b66bc5df932032f96
  md5: e675fabcf81499adc7edf58124fb1e01
  depends:
  - __glibc >=2.17,<3.0.a0
  - libgcc >=14
  license: bzip2-1.0.6
  license_family: BSD
  run_exports:
    weak:
    - bzip2 >=1.0.8,<2.0a0
  size: 257808
  timestamp: 1785906269155
- conda: https://conda.anaconda.org/conda-forge/linux-64/c-ares-1.34.8-h280c20c_1.conda
  sha256: 5139b6afbfaca91c47104ba9a6a40f81211e1c9200e96b73ce3a56f0ca1902f4
  md5: 2cef891b791040aab83e218c7d137679
  depends:
  - __glibc >=2.17,<3.0.a0
  - libgcc >=14
  constrains:
  - c-ares-static <0a0
  license: MIT
  license_family: MIT
  run_exports:
    weak:
    - c-ares >=1.34.8,<2.0a0
  size: 226755
  timestamp: 1786116641939
- conda: https://conda.anaconda.org/conda-forge/linux-64/cyrus-sasl-2.1.28-hd9c7081_0.conda
  sha256: ee09ad7610c12c7008262d713416d0b58bf365bc38584dce48950025850bdf3f
  md5: cae723309a49399d2949362f4ab5c9e4
  depends:
  - __glibc >=2.17,<3.0.a0
  - krb5 >=1.21.3,<1.22.0a0
  - libgcc >=13
  - libntlm >=1.8,<2.0a0
  - libstdcxx >=13
  - libxcrypt >=4.4.36
  - openssl >=3.5.0,<4.0a0
  license: BSD-3-Clause-Attribution
  license_family: BSD
  run_exports:
    weak:
    - cyrus-sasl >=2.1.28,<3.0a0
  size: 209774
  timestamp: 1750239039316
- conda: https://conda.anaconda.org/conda-forge/linux-64/greenlet-3.5.5-py314h42812f9_0.conda
  sha256: 8077b6042be044d2c571d5eb340a1ad7a1949534113fb8d9cafb213982b7c60b
  md5: a0423baf08abf2f98136e8cc103e46dd
  depends:
  - python
  - libstdcxx >=14
  - libgcc >=14
  - __glibc >=2.17,<3.0.a0
  - python_abi 3.14.* *_cp314
  license: MIT
  license_family: MIT
  run_exports: {}
  size: 278368
  timestamp: 1786384047792
- conda: https://conda.anaconda.org/conda-forge/linux-64/hdrhistogram-c-0.11.9-h421ea60_1.conda
  sha256: 04363c6cd15b7d9e48b622e196471b725630c84e82bfa7a4adbf36f5e94a2c06
  md5: 5160b2491c798ef0f3e883485c526e42
  depends:
  - libgcc >=14
  - __glibc >=2.17,<3.0.a0
  - libzlib >=1.3.1,<2.0a0
  license: BSD-2-Clause OR CC0-1.0
  run_exports:
    weak:
    - hdrhistogram-c >=0.11.9,<0.11.10.0a0
  size: 38736
  timestamp: 1769816263111
- conda: https://conda.anaconda.org/conda-forge/linux-64/icu-75.1-he02047a_0.conda
  sha256: 71e750d509f5fa3421087ba88ef9a7b9be11c53174af3aa4d06aff4c18b38e8e
  md5: 8b189310083baabfb622af68fd9d3ae3
  depends:
  - __glibc >=2.17,<3.0.a0
  - libgcc-ng >=12
  - libstdcxx-ng >=12
  license: MIT
  license_family: MIT
  run_exports:
    weak:
    - icu >=75.1,<76.0a0
  size: 12129203
  timestamp: 1720853576813
- conda: https://conda.anaconda.org/conda-forge/linux-64/keyutils-1.6.3-h7cc23a3_1.conda
  sha256: dd053c96dcb0dcfd59422aefea9d2fe937a190167f34fba7893ec1e10a7e8963
  md5: ba55d1b89fd7775e67de8291029b4059
  depends:
  - __glibc >=2.17,<3.0.a0
  - libgcc >=15
  license: LGPL-2.1-or-later
  run_exports:
    weak:
    - keyutils >=1.6.3,<2.0a0
  size: 135295
  timestamp: 1786739238128
- conda: https://conda.anaconda.org/conda-forge/linux-64/krb5-1.21.3-h659f571_0.conda
  sha256: 99df692f7a8a5c27cd14b5fb1374ee55e756631b9c3d659ed3ee60830249b238
  md5: 3f43953b7d3fb3aaa1d0d0723d91e368
  depends:
  - keyutils >=1.6.1,<2.0a0
  - libedit >=3.1.20191231,<3.2.0a0
  - libedit >=3.1.20191231,<4.0a0
  - libgcc-ng >=12
  - libstdcxx-ng >=12
  - openssl >=3.3.1,<4.0a0
  license: MIT
  license_family: MIT
  run_exports:
    weak:
    - krb5 >=1.21.3,<1.22.0a0
  size: 1370023
  timestamp: 1719463201255
- conda: https://conda.anaconda.org/conda-forge/linux-64/ld_impl_linux-64-2.46.1-default_hbd61a6d_102.conda
  sha256: 27d83f1188cd19bcb7754a078b3fa7f4cfb8527f8eb2fde54dd01fc529d1adec
  md5: 449500f2c089da11c40f5c21312e3e07
  depends:
  - __glibc >=2.17,<3.0.a0
  - zstd >=1.5.7,<1.6.0a0
  constrains:
  - binutils_impl_linux-64 2.46.1
  license: GPL-3.0-only
  license_family: GPL
  run_exports: {}
  size: 745303
  timestamp: 1784214507189
- conda: https://conda.anaconda.org/conda-forge/linux-64/libarchive-3.8.9-gpl_hc2c16d8_100.conda
  sha256: 000b4baa9ce849b5fb259af9256331d0c7872361ac63a2bba0d0c48eb35663d0
  md5: 3988040b14a8083b1a5382d99f584e5f
  depends:
  - __glibc >=2.17,<3.0.a0
  - bzip2 >=1.0.8,<2.0a0
  - libgcc >=14
  - liblzma >=5.8.3,<6.0a0
  - libxml2
  - libxml2-16 >=2.14.6
  - libzlib >=1.3.2,<2.0a0
  - lz4-c >=1.10.0,<1.11.0a0
  - lzo >=2.10,<3.0a0
  - openssl >=3.5.7,<4.0a0
  - zstd >=1.5.7,<1.6.0a0
  license: BSD-2-Clause
  license_family: BSD
  run_exports:
    weak:
    - libarchive >=3.8.9,<3.9.0a0
  size: 876197
  timestamp: 1785250447640
- conda: https://conda.anaconda.org/conda-forge/linux-64/libbrotlicommon-1.2.0-h39a168f_3.conda
  sha256: e5864f257f839ffc27d681659bac95901f524f602b9121e5dcc5e2df18437f2d
  md5: 7a2499a177753582fb7ae7e9dc4a908a
  depends:
  - __glibc >=2.17,<3.0.a0
  - libgcc >=15
  license: MIT
  license_family: MIT
  run_exports:
    weak:
    - libbrotlicommon >=1.2.0,<1.3.0a0
  size: 80265
  timestamp: 1786622773969
- conda: https://conda.anaconda.org/conda-forge/linux-64/libbrotlidec-1.2.0-ha411449_3.conda
  sha256: dad31b6d104973deb89710929a35651033aad692d4e7793cdb5b786a9bd54678
  md5: 6ab3315dc56618d652c1da42a648a129
  depends:
  - __glibc >=2.17,<3.0.a0
  - libbrotlicommon 1.2.0 h39a168f_3
  - libgcc >=15
  license: MIT
  license_family: MIT
  run_exports:
    weak:
    - libbrotlidec >=1.2.0,<1.3.0a0
  size: 34828
  timestamp: 1786622783405
- conda: https://conda.anaconda.org/conda-forge/linux-64/libbrotlienc-1.2.0-h018ffa1_3.conda
  sha256: d37124d0f51816e7d5e3a94bfc9ed3d6174d077f9b4f832d20c5a08b52bebf1f
  md5: 2ac965638d4c6b2b38383bb1aebaf543
  depends:
  - __glibc >=2.17,<3.0.a0
  - libbrotlicommon 1.2.0 h39a168f_3
  - libgcc >=15
  license: MIT
  license_family: MIT
  run_exports:
    weak:
    - libbrotlienc >=1.2.0,<1.3.0a0
  size: 298639
  timestamp: 1786622792145
- conda: https://conda.anaconda.org/conda-forge/linux-64/libdeflate-1.25-hd45a770_1.conda
  sha256: 82e134c8a08b1eed9a2ed8ab578b89aa1730dcde3dea8dd87645ed0637878e54
  md5: 40f9b31aa9cf007789867df0decd0492
  depends:
  - __glibc >=2.17,<3.0.a0
  - libgcc >=14
  license: MIT
  license_family: MIT
  run_exports:
    weak:
    - libdeflate >=1.25,<1.26.0a0
  size: 73710
  timestamp: 1785908694612
- conda: https://conda.anaconda.org/conda-forge/linux-64/libedit-3.1.20250104-pl5321h373387f_1.conda
  sha256: 6473eb8caf2aae830f37caa93db9b26dddf7ac84b63229e8bf7fc0e5c3ab95b0
  md5: 50708d3b951d0f8e2d7f2df5b5edc040
  depends:
  - ncurses
  - libgcc >=14
  - __glibc >=2.17,<3.0.a0
  - ncurses >=6.6,<7.0a0
  license: BSD-2-Clause
  license_family: BSD
  run_exports:
    weak:
    - libedit >=3.1.20250104,<3.2.0a0
  size: 135098
  timestamp: 1786616658086
- conda: https://conda.anaconda.org/conda-forge/linux-64/libev-4.33-h280c20c_3.conda
  sha256: e4418f68d01a6307c4431b585c71b584f40189877364e542ee87deb777f5e85b
  md5: 7bc31538d6e3fb349e897353969237ec
  depends:
  - libgcc >=14
  - __glibc >=2.17,<3.0.a0
  license: BSD-2-Clause OR GPL-2.0-or-later
  license_family: GPL
  run_exports:
    weak:
    - libev >=4.33,<4.34.0a0
  size: 43220
  timestamp: 1785917328200
- conda: https://conda.anaconda.org/conda-forge/linux-64/libexpat-2.8.1-hecca717_1.conda
  sha256: 16feffd9ddbbe5b718515d38ee376c685ba95491cd901244e24671d20b952a77
  md5: b24d3c612f71e7aa74158d92106318b2
  depends:
  - __glibc >=2.17,<3.0.a0
  - libgcc >=14
  constrains:
  - expat 2.8.1.*
  license: MIT
  license_family: MIT
  run_exports: {}
  size: 77856
  timestamp: 1781203599810
- conda: https://conda.anaconda.org/conda-forge/linux-64/libffi-3.7.0-h3435931_0.conda
  sha256: ac38603008bf1e99b8ed379b1a656a67a70e2841f2b6a069c630cdf6316012d2
  md5: 0abe40a9880086ca4d2e5daf09dceff9
  depends:
  - __glibc >=2.17,<3.0.a0
  - libgcc >=14
  license: MIT
  license_family: MIT
  run_exports:
    weak:
    - libffi >=3.7.0,<3.8.0a0
  size: 67576
  timestamp: 1783520858222
- conda: https://conda.anaconda.org/conda-forge/linux-64/libgcc-16.1.0-ha9f2e26_1.conda
  sha256: d5cb8475131c31680f8fd30512c418f373064e272e452063276a8fb14c9fa42f
  md5: 5a7d954665c707c93311657cd779c705
  depends:
  - __glibc >=2.17,<3.0.a0
  - _openmp_mutex >=4.5
  constrains:
  - libgomp 16.1.0 he0feb66_1
  - libgcc-ng ==16.1.0=*_1
  license: GPL-3.0-only WITH GCC-exception-3.1
  license_family: GPL
  run_exports: {}
  size: 1057877
  timestamp: 1785375436766
- conda: https://conda.anaconda.org/conda-forge/linux-64/libgcc-ng-16.1.0-h69a702a_1.conda
  sha256: 225275c562337a1cd61705da0ee4235dde7bba7504de1c34b74c894adb2b0eee
  md5: 7ed870c014a6f23c7dfafda53d2763a9
  depends:
  - libgcc 16.1.0 ha9f2e26_1
  license: GPL-3.0-only WITH GCC-exception-3.1
  license_family: GPL
  run_exports:
    strong:
    - libgcc
  size: 28210
  timestamp: 1785375440733
- conda: https://conda.anaconda.org/conda-forge/linux-64/libgomp-16.1.0-he0feb66_1.conda
  sha256: 62cb599ad0539d99386515326d9d5e8f51f75a60c69c2131b21df76edf35bd89
  md5: 88f2d91cb1533194c323534253094d23
  depends:
  - __glibc >=2.17,<3.0.a0
  license: GPL-3.0-only WITH GCC-exception-3.1
  license_family: GPL
  run_exports:
    strong:
    - _openmp_mutex >=4.5
  size: 640415
  timestamp: 1785375373755
- conda: https://conda.anaconda.org/conda-forge/linux-64/libhwy-1.4.0-h57c4cff_1.conda
  sha256: 23c7cf726b883f5e7c1bfa6bf24bceafa8be87245a7690e0b5c974eb320a9e83
  md5: d58bfbaaf51ed85771eae92c2e7f5816
  depends:
  - __glibc >=2.17,<3.0.a0
  - libgcc >=15
  - libstdcxx >=15
  license: Apache-2.0 OR BSD-3-Clause
  run_exports:
    weak:
    - libhwy >=1.4.0,<1.5.0a0
  size: 1454025
  timestamp: 1787282422734
- conda: https://conda.anaconda.org/conda-forge/linux-64/libiconv-1.18-h0cb94f2_3.conda
  sha256: f943117edb9cd4d9c61cc972eee5a34291dc55ea7a6e9e38da104995841cbcb6
  md5: f92233bf33e24a25668bb2119e2c51f9
  depends:
  - __glibc >=2.17,<3.0.a0
  - libgcc >=15
  license: LGPL-2.1-only
  run_exports:
    weak:
    - libiconv >=1.18,<2.0a0
  size: 789471
  timestamp: 1787033836207
- conda: https://conda.anaconda.org/conda-forge/linux-64/liblzma-5.8.3-hb03c661_1.conda
  sha256: 9787df8c22a59c9a70d3e5a10db9ad663485e75e9ccc3f09bd092cb7b95e0dab
  md5: 1390b7c5ac0b1d8e447bc5efa6d3c8c2
  depends:
  - __glibc >=2.17,<3.0.a0
  - libgcc >=14
  constrains:
  - xz 5.8.3.*
  license: 0BSD
  run_exports:
    weak:
    - liblzma >=5.8.3,<6.0a0
  size: 112995
  timestamp: 1786348617826
- conda: https://conda.anaconda.org/conda-forge/linux-64/libmpdec-4.0.0-hb03c661_2.conda
  sha256: 46820b4a835e175940ae20bec00fdddaff804cda27a1408ab1b95e77a2196437
  md5: fcfed1dc5053eb1901b66e7b1fc32588
  depends:
  - __glibc >=2.17,<3.0.a0
  - libgcc >=14
  license: BSD-2-Clause
  license_family: BSD
  run_exports: {}
  size: 92759
  timestamp: 1786650399772
- conda: https://conda.anaconda.org/conda-forge/linux-64/libnghttp2-1.68.1-h877daf1_0.conda
  sha256: 663444d77a42f2265f54fb8b48c5450bfff4388d9c0f8253dd7855f0d993153f
  md5: 2a45e7f8af083626f009645a6481f12d
  depends:
  - __glibc >=2.17,<3.0.a0
  - c-ares >=1.34.6,<2.0a0
  - libev >=4.33,<4.34.0a0
  - libev >=4.33,<5.0a0
  - libgcc >=14
  - libstdcxx >=14
  - libzlib >=1.3.1,<2.0a0
  - openssl >=3.5.5,<4.0a0
  license: MIT
  license_family: MIT
  run_exports:
    weak:
    - libnghttp2 >=1.68.1,<2.0a0
  size: 663344
  timestamp: 1773854035739
- conda: https://conda.anaconda.org/conda-forge/linux-64/libntlm-1.8-hb9d3cd8_0.conda
  sha256: 3b3f19ced060013c2dd99d9d46403be6d319d4601814c772a3472fe2955612b0
  md5: 7c7927b404672409d9917d49bff5f2d6
  depends:
  - __glibc >=2.17,<3.0.a0
  - libgcc >=13
  license: LGPL-2.1-or-later
  run_exports:
    weak:
    - libntlm >=1.8,<2.0a0
  size: 33418
  timestamp: 1734670021371
- conda: https://conda.anaconda.org/conda-forge/linux-64/libpq-17.7-h5c52fec_1.conda
  sha256: 06a8ace6cc5ee47b85a5e64fad621e5912a12a0202398f54f302eb4e8b9db1fd
  md5: a4769024afeab4b32ac8167c2f92c7ac
  depends:
  - __glibc >=2.17,<3.0.a0
  - icu >=75.1,<76.0a0
  - krb5 >=1.21.3,<1.22.0a0
  - libgcc >=14
  - openldap >=2.6.10,<2.7.0a0
  - openssl >=3.5.4,<4.0a0
  license: PostgreSQL
  run_exports:
    weak:
    - libpq >=17.7,<18.0a0
  size: 2649881
  timestamp: 1763565297202
- conda: https://conda.anaconda.org/conda-forge/linux-64/libsodium-1.0.20-h4ab18f5_0.conda
  sha256: 0105bd108f19ea8e6a78d2d994a6d4a8db16d19a41212070d2d1d48a63c34161
  md5: a587892d3c13b6621a6091be690dbca2
  depends:
  - libgcc-ng >=12
  license: ISC
  run_exports:
    weak:
    - libsodium >=1.0.20,<1.0.21.0a0
  size: 205978
  timestamp: 1716828628198
- conda: https://conda.anaconda.org/conda-forge/linux-64/libsqlite-3.53.4-h0737f62_1.conda
  sha256: 35c05bd0adfaf6fcac01fc3a42214e4e2a44e32f7ce2c77ddae419522c3c328d
  md5: 17b328272d5caa0994678529be5b86ab
  depends:
  - __glibc >=2.17,<3.0.a0
  - libgcc >=15
  - libzlib >=1.3.2,<2.0a0
  license: blessing
  run_exports:
    weak:
    - libsqlite >=3.53.4,<4.0a0
  size: 968893
  timestamp: 1787051134858
- conda: https://conda.anaconda.org/conda-forge/linux-64/libstdcxx-16.1.0-h934c35e_1.conda
  sha256: 79721dd08aeb0ab9e773f1f9ef41cf4e6c17477e3d72319147619045bce05a09
  md5: aed6cf89adc1e9b846e4367ac538e434
  depends:
  - __glibc >=2.17,<3.0.a0
  - libgcc 16.1.0 ha9f2e26_1
  constrains:
  - libstdcxx-ng ==16.1.0=*_1
  license: GPL-3.0-only WITH GCC-exception-3.1
  license_family: GPL
  run_exports: {}
  size: 6631744
  timestamp: 1785375462643
- conda: https://conda.anaconda.org/conda-forge/linux-64/libstdcxx-ng-16.1.0-hdf11a46_1.conda
  sha256: 2876ca4463d1b394eb969ce4a84d1620aa63fb8202a6397837d1e45ec76c1208
  md5: c94f06123272d8e129d4acf3a25ffb35
  depends:
  - libstdcxx 16.1.0 h934c35e_1
  license: GPL-3.0-only WITH GCC-exception-3.1
  license_family: GPL
  run_exports:
    strong:
    - libstdcxx
  size: 28253
  timestamp: 1785375500257
- conda: https://conda.anaconda.org/conda-forge/linux-64/libuuid-2.42.2-h5347b49_0.conda
  sha256: 9b1bdce27a7e31f7d241aeecff67a1f3101d52a2b1e33ccc2cdf2613072bf81f
  md5: 01bb81d12c957de066ea7362007df642
  depends:
  - libgcc >=14
  - __glibc >=2.17,<3.0.a0
  license: BSD-3-Clause
  license_family: BSD
  run_exports:
    weak:
    - libuuid >=2.42.2,<3.0a0
  size: 40017
  timestamp: 1781625522462
- conda: https://conda.anaconda.org/conda-forge/linux-64/libuv-1.52.1-h280c20c_1.conda
  sha256: 67761d0206f84140047a367eaf9befe03a7e157a29ee25aee0047b40801cc6b6
  md5: 01c4ed87826af55996768af6dbc936b4
  depends:
  - libgcc >=14
  - __glibc >=2.17,<3.0.a0
  license: MIT
  license_family: MIT
  run_exports:
    weak:
    - libuv >=1.52.1,<2.0a0
  size: 420040
  timestamp: 1785914567661
- conda: https://conda.anaconda.org/conda-forge/linux-64/libxcrypt-4.4.38-h280c20c_0.conda
  sha256: f7e9292dd219a6435bbb1223da9586c3e70d66d169c5a92f08db3f2127df04e9
  md5: f7a7ff5a6ab331e037abd34f379a631d
  depends:
  - libgcc >=14
  - __glibc >=2.17,<3.0.a0
  license: LGPL-2.1-or-later
  run_exports:
    weak:
    - libxcrypt >=4.4.38
  size: 101957
  timestamp: 1785887123445
- conda: https://conda.anaconda.org/conda-forge/linux-64/libxml2-16-2.15.1-ha9997c6_0.conda
  sha256: 71436e72a286ef8b57d6f4287626ff91991eb03c7bdbe835280521791efd1434
  md5: e7733bc6785ec009e47a224a71917e84
  depends:
  - __glibc >=2.17,<3.0.a0
  - icu >=75.1,<76.0a0
  - libgcc >=14
  - libiconv >=1.18,<2.0a0
  - liblzma >=5.8.1,<6.0a0
  - libzlib >=1.3.1,<2.0a0
  constrains:
  - libxml2 2.15.1
  license: MIT
  license_family: MIT
  run_exports: {}
  size: 556302
  timestamp: 1761015637262
- conda: https://conda.anaconda.org/conda-forge/linux-64/libxml2-2.15.1-h26afc86_0.conda
  sha256: ec0735ae56c3549149eebd7dc22c0bed91fd50c02eaa77ff418613ddda190aa8
  md5: e512be7dc1f84966d50959e900ca121f
  depends:
  - __glibc >=2.17,<3.0.a0
  - icu >=75.1,<76.0a0
  - libgcc >=14
  - libiconv >=1.18,<2.0a0
  - liblzma >=5.8.1,<6.0a0
  - libxml2-16 2.15.1 ha9997c6_0
  - libzlib >=1.3.1,<2.0a0
  license: MIT
  license_family: MIT
  run_exports:
    weak:
    - libxml2
    - libxml2-16 >=2.15.1
  size: 45283
  timestamp: 1761015644057
- conda: https://conda.anaconda.org/conda-forge/linux-64/libxslt-1.1.43-h711ed8c_1.conda
  sha256: 0694760a3e62bdc659d90a14ae9c6e132b525a7900e59785b18a08bb52a5d7e5
  md5: 87e6096ec6d542d1c1f8b33245fe8300
  depends:
  - __glibc >=2.17,<3.0.a0
  - libgcc >=14
  - libxml2
  - libxml2-16 >=2.14.6
  license: MIT
  license_family: MIT
  run_exports:
    weak:
    - libxslt >=1.1.43,<2.0a0
  size: 245434
  timestamp: 1757963724977
- conda: https://conda.anaconda.org/conda-forge/linux-64/libzlib-1.3.2-h25fd6f3_3.conda
  sha256: eb8a0db0aa570124f7d2a93d7c7f596e3390df5e047818d873baad32985fc736
  md5: 0de0122d9570a8ab637c6b73db268389
  depends:
  - __glibc >=2.17,<3.0.a0
  constrains:
  - zlib 1.3.2 *_3
  license: Zlib
  license_family: Other
  run_exports:
    weak:
    - libzlib >=1.3.2,<2.0a0
  size: 63713
  timestamp: 1785362952714
- conda: https://conda.anaconda.org/conda-forge/linux-64/lol-html-3.0.1-hb17b654_0.conda
  sha256: 6075e31164285fcd4a087fcc680f8c928c0b47f6fb1aefc99664c2ddf0db4802
  md5: 1ce013403194fb5a6f0ed98cd6ebe26f
  depends:
  - __glibc >=2.17,<3.0.a0
  - libgcc >=14
  constrains:
  - __glibc >=2.17
  license: BSD-3-Clause
  license_family: BSD
  run_exports:
    weak:
    - lol-html >=3.0.1,<3.0.2.0a0
  size: 483710
  timestamp: 1785365109373
- conda: https://conda.anaconda.org/conda-forge/linux-64/ls-hpack-2.3.5-h280c20c_0.conda
  sha256: fe57537d4fd99845c9d94870e46fe78e0e7ace0343991dac765d55777da1e500
  md5: 5f8ace4f3cf7857ab7b80c328dc07622
  depends:
  - __glibc >=2.17,<3.0.a0
  - libgcc >=14
  license: MIT
  license_family: MIT
  run_exports:
    weak:
    - ls-hpack >=2.3.5,<2.3.6.0a0
  size: 99800
  timestamp: 1779602199229
- conda: https://conda.anaconda.org/conda-forge/linux-64/lz4-c-1.10.0-hee9eb32_2.conda
  sha256: b8c0e930183e6b7f83cd35ace102f2b8c2f0faae41dc05255dc72f247dfc556a
  md5: e38a3253d72ab07d471483f24947e2a2
  depends:
  - libgcc >=15
  - libstdcxx >=15
  - __glibc >=2.17,<3.0.a0
  license: BSD-2-Clause
  license_family: BSD
  run_exports:
    weak:
    - lz4-c >=1.10.0,<1.11.0a0
  size: 181812
  timestamp: 1786717122815
- conda: https://conda.anaconda.org/conda-forge/linux-64/lzo-2.10-hebe6cf0_1003.conda
  sha256: a0a1400198e5302d8367f2ed53437ee3cc41dbc463cb481921ce765578780b7a
  md5: 10e0aa58ed390ba598b728badf9eb1b7
  depends:
  - __glibc >=2.17,<3.0.a0
  - libgcc >=15
  license: GPL-2.0-or-later
  license_family: GPL
  run_exports:
    weak:
    - lzo >=2.10,<3.0a0
  size: 191573
  timestamp: 1787049167898
- conda: https://conda.anaconda.org/conda-forge/linux-64/ncurses-6.6-hdb14827_1.conda
  sha256: 5d46557214ed184381dafe835b7c94a474a1c3b307a08a250b1ea4779b44ffb3
  md5: ee6c0cd80a60961a1f48aa3e0b91f986
  depends:
  - __glibc >=2.17,<3.0.a0
  - libgcc >=14
  license: X11 AND BSD-3-Clause
  run_exports:
    weak:
    - ncurses >=6.6,<7.0a0
  size: 911196
  timestamp: 1786355078102
- conda: https://conda.anaconda.org/conda-forge/linux-64/nodejs-24.13.0-h36edbcc_0.conda
  sha256: fb00d762a607cc76104b1d8ab76d631d48afde72e5e4ec81a1536be3a4cb19c8
  md5: 09e6207319af4800a2b7e352b39ec151
  depends:
  - libgcc >=14
  - __glibc >=2.28,<3.0.a0
  - libstdcxx >=14
  - libsqlite >=3.51.2,<4.0a0
  - libzlib >=1.3.1,<2.0a0
  - c-ares >=1.34.6,<2.0a0
  - zstd >=1.5.7,<1.6.0a0
  - openssl >=3.5.5,<4.0a0
  - icu >=75.1,<76.0a0
  - libbrotlicommon >=1.2.0,<1.3.0a0
  - libbrotlienc >=1.2.0,<1.3.0a0
  - libbrotlidec >=1.2.0,<1.3.0a0
  - libuv >=1.51.0,<2.0a0
  - libnghttp2 >=1.67.0,<2.0a0
  license: MIT
  license_family: MIT
  run_exports:
    weak:
    - nodejs >=24.13.0,<25.0a0
  size: 17546184
  timestamp: 1770653299633
- conda: https://conda.anaconda.org/conda-forge/linux-64/openldap-2.6.10-he970967_0.conda
  sha256: cb0b07db15e303e6f0a19646807715d28f1264c6350309a559702f4f34f37892
  md5: 2e5bf4f1da39c0b32778561c3c4e5878
  depends:
  - __glibc >=2.17,<3.0.a0
  - cyrus-sasl >=2.1.27,<3.0a0
  - krb5 >=1.21.3,<1.22.0a0
  - libgcc >=13
  - libstdcxx >=13
  - openssl >=3.5.0,<4.0a0
  license: OLDAP-2.8
  license_family: BSD
  run_exports:
    weak:
    - openldap >=2.6.10,<2.7.0a0
  size: 780253
  timestamp: 1748010165522
- conda: https://conda.anaconda.org/conda-forge/linux-64/openssl-3.6.3-h35e630c_1.conda
  sha256: 012096056b97abf1f68c46b7146bd2cbd68c1be762340b4f5dad4fbbe99177bc
  md5: c5955c27917ff2234def47f075e71e02
  depends:
  - __glibc >=2.17,<3.0.a0
  - ca-certificates
  - libgcc >=14
  license: Apache-2.0
  license_family: Apache
  run_exports:
    weak:
    - openssl >=3.6.3,<4.0a0
  size: 3182423
  timestamp: 1785913583650
- conda: https://conda.anaconda.org/conda-forge/linux-64/playwright-1.58.2-h5585027_0.conda
  sha256: 49b0b310886495998a24a268d2d6addbd881bd7971cc9e1962610919e9e6bfb8
  md5: 1650804f26dd992fd7418fe603f1c653
  depends:
  - nodejs
  - nodejs >=24.12.0,<25.0a0
  license: Apache-2.0
  license_family: APACHE
  run_exports: {}
  size: 2340106
  timestamp: 1770404308305
- conda: https://conda.anaconda.org/conda-forge/linux-64/postgresql-17.7-h8b0fdac_1.conda
  sha256: d21116641461d3f5ac1e3b3f578558955ce4b5158a5772e9031276b874baeaeb
  md5: ef34fae9023344ebd1980a4885efd0cb
  depends:
  - __glibc >=2.17,<3.0.a0
  - icu >=75.1,<76.0a0
  - krb5 >=1.21.3,<1.22.0a0
  - libgcc >=14
  - libpq 17.7 h5c52fec_1
  - libxml2
  - libxml2-16 >=2.14.6
  - libxslt >=1.1.43,<2.0a0
  - libzlib >=1.3.1,<2.0a0
  - lz4-c >=1.10.0,<1.11.0a0
  - openldap >=2.6.10,<2.7.0a0
  - openssl >=3.5.4,<4.0a0
  - readline >=8.2,<9.0a0
  - tzcode
  - tzdata
  - zstd >=1.5.7,<1.6.0a0
  license: PostgreSQL
  run_exports:
    weak:
    - libpq >=17.7,<18.0a0
  size: 5659255
  timestamp: 1763565318375
- conda: https://conda.anaconda.org/conda-forge/linux-64/psycopg2-2.9.10-py314habdd602_2.conda
  sha256: 6f7ba5ad80a1794c729ec51ba3863905b1f01fe330249ec3a77bd31270cb978b
  md5: 35e27069de14ad65f3294bd9d8e277d1
  depends:
  - __glibc >=2.17,<3.0.a0
  - libgcc >=14
  - libpq >=17.6,<18.0a0
  - python >=3.14.0rc2,<3.15.0a0
  - python_abi 3.14.* *_cp314
  license: LGPL-3.0-or-later
  license_family: LGPL
  run_exports: {}
  size: 192556
  timestamp: 1756315778872
- conda: https://conda.anaconda.org/conda-forge/linux-64/python-3.14.6-h242f9ac_102_cp314.conda
  build_number: 102
  sha256: f5ff5c1fac471dfed4fc4288856a63eb9d771e6042d9f70420d75b9f488400d8
  md5: 9b6c336ef7195fbee1c10c09bfcf901b
  depends:
  - __glibc >=2.17,<3.0.a0
  - bzip2 >=1.0.8,<2.0a0
  - ld_impl_linux-64 >=2.36.1
  - libexpat >=2.8.1,<3.0a0
  - libffi >=3.7.0,<3.8.0a0
  - libgcc >=14
  - liblzma >=5.8.3,<6.0a0
  - libmpdec >=4.0.0,<5.0a0
  - libsqlite >=3.53.4,<4.0a0
  - libuuid >=2.42.2,<3.0a0
  - libzlib >=1.3.2,<2.0a0
  - ncurses >=6.6,<7.0a0
  - openssl >=3.5.7,<4.0a0
  - python_abi 3.14.* *_cp314
  - readline >=8.3,<9.0a0
  - tk >=8.6.13,<8.7.0a0
  - tzdata
  - zstd >=1.5.7,<1.6.0a0
  license: Python-2.0
  run_exports:
    weak:
    - python_abi 3.14.* *_cp314
    noarch:
    - python
  size: 36866750
  timestamp: 1786444737142
  python_site_packages_path: lib/python3.14/site-packages
- conda: https://conda.anaconda.org/conda-forge/linux-64/pyzmq-27.1.0-py312hda471dd_3.conda
  noarch: python
  sha256: 970b2a1d12983d8d1cc05d914ad88a0b6ef1fa14038c9649aa834dd6ebee65d7
  md5: acd216255e1370e9aeab5351b831f07c
  depends:
  - python
  - libgcc >=14
  - libstdcxx >=14
  - __glibc >=2.17,<3.0.a0
  - _python_abi3_support 1.*
  - cpython >=3.12
  - zeromq >=4.3.5,<4.4.0a0
  license: BSD-3-Clause
  license_family: BSD
  run_exports: {}
  size: 210896
  timestamp: 1779483879367
- conda: https://conda.anaconda.org/conda-forge/linux-64/readline-8.3-h853b02a_0.conda
  sha256: 12ffde5a6f958e285aa22c191ca01bbd3d6e710aa852e00618fa6ddc59149002
  md5: d7d95fc8287ea7bf33e0e7116d2b95ec
  depends:
  - __glibc >=2.17,<3.0.a0
  - libgcc >=14
  - ncurses >=6.5,<7.0a0
  license: GPL-3.0-only
  license_family: GPL
  run_exports:
    weak:
    - readline >=8.3,<9.0a0
  size: 345073
  timestamp: 1765813471974
- conda: https://conda.anaconda.org/conda-forge/linux-64/tk-8.6.13-noxft_hd70dff1_3.conda
  build_number: 103
  sha256: 43624eab22f5f29df7d6ffe914cf442f28fd559b55b290906255492826e636e8
  md5: 48a1049e710857572fc2a832aa394d9f
  depends:
  - __glibc >=2.17,<3.0.a0
  - libgcc >=14
  - libzlib >=1.3.2,<2.0a0
  constrains:
  - xorg-libx11 >=1.8.13,<2.0a0
  license: TCL
  run_exports:
    weak:
    - tk >=8.6.13,<8.7.0a0
  size: 3550916
  timestamp: 1784229071544
- conda: https://conda.anaconda.org/conda-forge/linux-64/tornado-6.5.8-py314h5bd0f2a_0.conda
  sha256: ebec0d90f99fa7bbe91eabab41ee77d3f36dbd58ec2f08aa4220fdd713610b6d
  md5: faea84d2f2ccadf70cf9e55381d75b3e
  depends:
  - __glibc >=2.17,<3.0.a0
  - libgcc >=14
  - python >=3.14,<3.15.0a0
  - python_abi 3.14.* *_cp314
  license: Apache-2.0
  license_family: Apache
  run_exports: {}
  size: 923237
  timestamp: 1786226770518
- conda: https://conda.anaconda.org/conda-forge/linux-64/tzcode-2026c-h280c20c_0.conda
  sha256: a188dbadd112a0ad96a506568b6b42c31f016f601bec8868c2fd63254d6db54b
  md5: 7578313c8e924cbe7a865c31d1102b8c
  depends:
  - libgcc >=14
  - __glibc >=2.17,<3.0.a0
  license: BSD-3-Clause
  license_family: BSD
  run_exports: {}
  size: 71343
  timestamp: 1783787976001
- conda: https://conda.anaconda.org/conda-forge/linux-64/zeromq-4.3.5-h387f397_9.conda
  sha256: 47cfe31255b91b4a6fa0e9dbaf26baa60ac97e033402dbc8b90ba5fee5ffe184
  md5: 8035e5b54c08429354d5d64027041cad
  depends:
  - libstdcxx >=14
  - libgcc >=14
  - __glibc >=2.17,<3.0.a0
  - libgcc >=14
  - libsodium >=1.0.20,<1.0.21.0a0
  - krb5 >=1.21.3,<1.22.0a0
  license: MPL-2.0
  license_family: MOZILLA
  run_exports:
    weak:
    - zeromq >=4.3.5,<4.4.0a0
  size: 310648
  timestamp: 1757370847287
- conda: https://conda.anaconda.org/conda-forge/linux-64/zstd-1.5.7-hb78ec9c_7.conda
  sha256: 47d682b9f6d6ec9eb1a6e6c3e75ea6273e899e78fb7fc59f81d39745009fbc60
  md5: aa459086047c0e5e27023ab19f8cb86a
  depends:
  - __glibc >=2.17,<3.0.a0
  - libzlib >=1.3.2,<2.0a0
  license: BSD-3-Clause
  license_family: BSD
  run_exports:
    weak:
    - zstd >=1.5.7,<1.6.0a0
  size: 601301
  timestamp: 1786599621503
- conda: https://conda.anaconda.org/conda-forge/noarch/_python_abi3_support-1.0-hd8ed1ab_3.conda
  sha256: 2a7204314663eeda5dec482a956f0e2eaf289bd5b9953eaaaad0e81aa64638f2
  md5: 3845f3d75991bae0fb90884662f4327c
  depends:
  - cpython
  - python-gil
  license: MIT
  license_family: MIT
  run_exports: {}
  size: 8144
  timestamp: 1784221492234
- conda: https://conda.anaconda.org/conda-forge/noarch/ca-certificates-2026.7.22-hbd8a1cb_0.conda
  sha256: 0a0544cf95f64394fe4959286f5c71f5444ad58feb0602e53becb27448d24da6
  md5: 0f51e2391ade309db462a55611263e9c
  depends:
  - __unix
  license: ISC
  run_exports: {}
  size: 131780
  timestamp: 1784754889428
- conda: https://conda.anaconda.org/conda-forge/noarch/click-8.4.2-pyhc90fa1f_0.conda
  sha256: ccc4787f511964f9a1f2d2d2859c91c5d571fb60f7f09d4c4e092c9b7a94e671
  md5: 2c4bd6aeb90bb157456841c3270a0d92
  depends:
  - __unix
  - python
  - python >=3.10
  license: BSD-3-Clause
  license_family: BSD
  run_exports: {}
  size: 107155
  timestamp: 1783085363526
- conda: https://conda.anaconda.org/conda-forge/noarch/cpython-3.14.6-py314hd8ed1ab_102.conda
  noarch: generic
  sha256: 4d97fdae803c1ed7c704289d1f856d60e5502f24e93e92f9d45fbea37fd9e9a7
  md5: 6b344ff499096c0b873d202fea1e2fcd
  depends:
  - python >=3.14,<3.15.0a0
  - python_abi * *_cp314
  license: Python-2.0
  run_exports: {}
  size: 49916
  timestamp: 1786444134021
- conda: https://conda.anaconda.org/conda-forge/noarch/importlib-metadata-9.0.0-pyhcf101f3_0.conda
  sha256: 43e2a5497cad1598ff88a3e69f69bc88b7b8f141fa63c60eab5db296317318b8
  md5: ffc17e785d64e12fc311af9184221839
  depends:
  - python >=3.10
  - zipp >=3.20
  - python
  license: Apache-2.0
  license_family: APACHE
  run_exports: {}
  size: 34766
  timestamp: 1779714582554
- conda: https://conda.anaconda.org/conda-forge/noarch/jupyter_client-8.6.3-pyhd8ed1ab_1.conda
  sha256: 19d8bd5bb2fde910ec59e081eeb59529491995ce0d653a5209366611023a0b3a
  md5: 4ebae00eae9705b0c3d6d1018a81d047
  depends:
  - importlib-metadata >=4.8.3
  - jupyter_core >=4.12,!=5.0.*
  - python >=3.9
  - python-dateutil >=2.8.2
  - pyzmq >=23.0
  - tornado >=6.2
  - traitlets >=5.3
  license: BSD-3-Clause
  license_family: BSD
  run_exports: {}
  size: 106342
  timestamp: 1733441040958
- conda: https://conda.anaconda.org/conda-forge/noarch/jupyter_core-5.9.1-pyhc90fa1f_0.conda
  sha256: 1d34b80e5bfcd5323f104dbf99a2aafc0e5d823019d626d0dce5d3d356a2a52a
  md5: b38fe4e78ee75def7e599843ef4c1ab0
  depends:
  - __unix
  - python
  - platformdirs >=2.5
  - python >=3.10
  - traitlets >=5.3
  - python
  constrains:
  - pywin32 >=300
  license: BSD-3-Clause
  license_family: BSD
  run_exports: {}
  size: 65503
  timestamp: 1760643864586
- conda: https://conda.anaconda.org/conda-forge/noarch/mypy_extensions-1.1.0-pyha770c72_0.conda
  sha256: 6ed158e4e5dd8f6a10ad9e525631e35cee8557718f83de7a4e3966b1f772c4b1
  md5: e9c622e0d00fa24a6292279af3ab6d06
  depends:
  - python >=3.9
  license: MIT
  license_family: MIT
  run_exports: {}
  size: 11766
  timestamp: 1745776666688
- conda: https://conda.anaconda.org/conda-forge/noarch/packaging-26.3-pyhc364b38_0.conda
  sha256: c432626b16768b8dab228bfb706f7060c2d462a21c516d240f68f2f902b5a044
  md5: 936687ed80f295a1f5dbcf8bd34c252c
  depends:
  - python >=3.9
  - python
  license: Apache-2.0
  license_family: APACHE
  run_exports: {}
  size: 116363
  timestamp: 1785888127370
- conda: https://conda.anaconda.org/conda-forge/noarch/pathspec-1.1.1-pyhd8ed1ab_0.conda
  sha256: 6eaee417d33f298db79bc7185ab1208604c0e6cf51dade34cd513c6f9db9c6f3
  md5: 11adc78451c998c0fd162584abfa3559
  depends:
  - python >=3.10
  license: MPL-2.0
  license_family: MOZILLA
  run_exports: {}
  size: 56559
  timestamp: 1777271601895
- conda: https://conda.anaconda.org/conda-forge/noarch/platformdirs-4.11.3-pyhcf101f3_0.conda
  sha256: 810511c90649ca59fa0174958a210fd5051c0a7848cfbd42c87054a6836726b5
  md5: 31474b00d0ca5accac14eda09ba11216
  depends:
  - python >=3.10
  - python
  license: MIT
  license_family: MIT
  run_exports: {}
  size: 26956
  timestamp: 1786708411066
- conda: https://conda.anaconda.org/conda-forge/noarch/playwright-python-1.62.0-pyhcf101f3_0.conda
  sha256: 1fcfa369cd42e62bd5e52c5c434a7026653d98f12bb1df7fa87295818acad57b
  md5: 7eaf6fc86d97097f0c0b59f65602947a
  depends:
  - greenlet >=3.1.1,<4
  - playwright
  - pyee >=13,<14
  - python >=3.10
  - python
  license: Apache-2.0
  license_family: APACHE
  run_exports: {}
  size: 183086
  timestamp: 1785560624794
- conda: https://conda.anaconda.org/conda-forge/noarch/pyee-13.0.1-pyhd8ed1ab_0.conda
  sha256: 938ab8d67ec0183f0a920eccbf34677d1f10ad4e73377ee60b9635734e834bf5
  md5: eadf0f76d9121a6297be754e9d7cc099
  depends:
  - python >=3.10
  - typing_extensions
  license: MIT
  license_family: MIT
  run_exports: {}
  size: 20049
  timestamp: 1771871117073
- conda: https://conda.anaconda.org/conda-forge/noarch/python-dateutil-2.9.0.post0-pyhe01879c_2.conda
  sha256: d6a17ece93bbd5139e02d2bd7dbfa80bee1a4261dced63f65f679121686bf664
  md5: 5b8d21249ff20967101ffa321cab24e8
  depends:
  - python >=3.9
  - six >=1.5
  - python
  license: Apache-2.0
  license_family: APACHE
  run_exports: {}
  size: 233310
  timestamp: 1751104122689
- conda: https://conda.anaconda.org/conda-forge/noarch/python-gil-3.14.6-h4df99d1_102.conda
  sha256: b15fb3e5daae788ca78844ee4ee9f1a1b07911cd4e83c484d8c1ce2794c6c93b
  md5: 364ec4bb854ab4ca9ca4e626a55ea8da
  depends:
  - cpython 3.14.6.*
  - python_abi * *_cp314
  license: Python-2.0
  run_exports: {}
  size: 49897
  timestamp: 1786444152084
- conda: https://conda.anaconda.org/conda-forge/noarch/python_abi-3.14-8_cp314.conda
  build_number: 8
  sha256: ad6d2e9ac39751cc0529dd1566a26751a0bf2542adb0c232533d32e176e21db5
  md5: 0539938c55b6b1a59b560e843ad864a4
  constrains:
  - python 3.14.* *_cp314
  license: BSD-3-Clause
  license_family: BSD
  run_exports: {}
  size: 6989
  timestamp: 1752805904792
- conda: https://conda.anaconda.org/conda-forge/noarch/six-1.17.0-pyhe01879c_1.conda
  sha256: 458227f759d5e3fcec5d9b7acce54e10c9e1f4f4b7ec978f3bfd54ce4ee9853d
  md5: 3339e3b65d58accf4ca4fb8748ab16b3
  depends:
  - python >=3.9
  - python
  license: MIT
  license_family: MIT
  run_exports: {}
  size: 18455
  timestamp: 1753199211006
- conda: https://conda.anaconda.org/conda-forge/noarch/tomli-2.4.1-pyhcf101f3_0.conda
  sha256: 91cafdb64268e43e0e10d30bd1bef5af392e69f00edd34dfaf909f69ab2da6bd
  md5: b5325cf06a000c5b14970462ff5e4d58
  depends:
  - python >=3.10
  - python
  license: MIT
  license_family: MIT
  run_exports: {}
  size: 21561
  timestamp: 1774492402955
- conda: https://conda.anaconda.org/conda-forge/noarch/traitlets-5.16.1-pyhcf101f3_0.conda
  sha256: 03dba5917f944c6684ab44c81daacac1624cd148e4b2cae215dcec594a210c48
  md5: a79bf97561232a31447b6246c2153ab5
  depends:
  - python >=3.10
  - python
  license: BSD-3-Clause
  license_family: BSD
  run_exports: {}
  size: 116935
  timestamp: 1785761789772
- conda: https://conda.anaconda.org/conda-forge/noarch/typing_extensions-4.16.0-pyhcf101f3_0.conda
  sha256: 2d888f90af0686044882c74193ec80a90ec1943145d94a7b1b048958acda1848
  md5: c70ad746c22219b9700931707482992c
  depends:
  - python >=3.10
  - python
  license: PSF-2.0
  license_family: PSF
  run_exports: {}
  size: 52631
  timestamp: 1783002732887
- conda: https://conda.anaconda.org/conda-forge/noarch/tzdata-2026c-h151e31d_0.conda
  sha256: b928c30ddcb0e3f544c6eade8352737e6e610e263276b90232db6a578ef899d8
  md5: fcb489df604d100968b737f2cb6076c6
  license: LicenseRef-Public-Domain
  run_exports: {}
  size: 118849
  timestamp: 1784250406640
- conda: https://conda.anaconda.org/conda-forge/noarch/zipp-4.1.0-pyhcf101f3_0.conda
  sha256: 210bd31c22bb88f5e2a167df24c95bb5f152b2ada7502f9b8c49d1f5366db423
  md5: ba3dcdc8584155c97c648ae9c044b7a3
  depends:
  - python >=3.10
  - python
  license: MIT
  license_family: MIT
  run_exports: {}
  size: 24190
  timestamp: 1779159948016
- conda: https://conda.modular.com/max/linux-64/mojo-1.0.0-release.conda
  sha256: 5778f999b69cf77bd6f07ccaf32d0bafc258fe75206afc8e88919269cebb6e75
  md5: afeb126acb57602a5f9b8153e75e1c3c
  depends:
  - python >=3.10
  - mojo-compiler ==1.0.0
  - mblack ==26.5.0
  - jupyter_client >=8.6.2,<8.7
  license: LicenseRef-Modular-Proprietary
  run_exports: {}
  size: 115641078
  timestamp: 1786292404342
- conda: https://conda.modular.com/max/linux-64/mojo-compiler-1.0.0-release.conda
  sha256: 4394c6146d47ec7794a9a3ed5775ae158f59f83f8e1aed59408b17c4909821b3
  md5: 75d2e2ca9d87fdc76513d7939202e7dc
  depends:
  - mojo-python ==1.0.0
  license: LicenseRef-Modular-Proprietary
  run_exports: {}
  size: 68511359
  timestamp: 1786292410712
- conda: https://conda.modular.com/max/noarch/mblack-26.5.0-release.conda
  noarch: python
  sha256: 49102b55366eab56b04620533302b8693b4fa4a6c5972b3cc978b3f3bad83ebe
  md5: 0cbfc119215c063cd279f0a6beb04285
  depends:
  - python >=3.10
  - click >=8.0.0
  - mypy_extensions >=0.4.3
  - packaging >=22.0
  - pathspec >=0.9.0
  - platformdirs >=2
  - tomli >=1.1.0
  license: LicenseRef-Modular-Proprietary
  run_exports: {}
  size: 137187
  timestamp: 1786151006088
- conda: https://conda.modular.com/max/noarch/mojo-python-1.0.0-release.conda
  noarch: python
  sha256: fc449a47c7707ed96a794768e29d5d2b0bf7afab373e2a9751f281ed7c4f822c
  md5: 4a27e1596a5c2d27330a2377090b12c5
  depends:
  - python >=3.10
  license: LicenseRef-Modular-Proprietary
  run_exports: {}
  size: 24040
  timestamp: 1785891558838
